
Microsoft Visual Studio Solution File, Format Version 12.00
# Visual Studio Version 17
VisualStudioVersion = 17.9.34622.214
MinimumVisualStudioVersion = 10.0.40219.1
Project("{8BC9CEB8-8B4A-11D0-8D11-00A0C91BC942}") = "001_BMIC", "001_BMIC\001_BMIC.vcxproj", "{F9BBE2EA-FE08-49C2-B9A6-30598D916B1F}"
EndProject
Project("{8BC9CEB8-8B4A-11D0-8D11-00A0C91BC942}") = "002_BMIC", "002_BMIC\002_BMIC.vcxproj", "{39B267BE-F897-474F-8CC0-BEAD7EEDC9D2}"
EndProject
Project("{9A19103F-16F7-4668-BE54-9A1E7A4F7556}") = "003_BMICS", "003_BMICS\003_BMICS.csproj", "{3F5F5A52-0C90-4637-886A-AB6DC5F97055}"
EndProject
Project("{FAE04EC0-301F-11D3-BF4B-00C04F79EFBC}") = "004_BMIForm", "004_BMIForm\004_BMIForm.csproj", "{BBCA6C6E-169C-44EF-8DF4-29B4178C747E}"
EndProject
Project("{FAE04EC0-301F-11D3-BF4B-00C04F79EFBC}") = "005_BMIForm", "005_BMIForm\005_BMIForm.csproj", "{12DD2FFC-8018-4154-979C-3A02C7AF8E9D}"
EndProject
Project("{FAE04EC0-301F-11D3-BF4B-00C04F79EFBC}") = "006_MassgeBox", "007_MassgeBox\006_MassgeBox.csproj", "{6C065A86-FEA5-4AFF-B853-0EC035192F94}"
EndProject
Project("{FAE04EC0-301F-11D3-BF4B-00C04F79EFBC}") = "007_CheckBox", "008_레이블에서 여러 줄 출력\007_CheckBox.csproj", "{EE6D4270-E733-4A45-B363-E5412A1807B4}"
EndProject
Project("{FAE04EC0-301F-11D3-BF4B-00C04F79EFBC}") = "008_RadioButton", "008_RadioButton\008_RadioButton.csproj", "{B264AD07-0E6A-4F3F-BB39-841F2B323BA6}"
EndProject
Project("{FAE04EC0-301F-11D3-BF4B-00C04F79EFBC}") = "009_CheckBox", "009_CheckBox\009_CheckBox.csproj", "{A25E81F9-E4D4-4768-A339-854B4529F982}"
EndProject
Project("{FAE04EC0-301F-11D3-BF4B-00C04F79EFBC}") = "010_성적계산기", "009_성적계산기\010_성적계산기.csproj", "{0FBD5ABF-A111-4412-88AC-82929F0B8321}"
EndProject
Project("{FAE04EC0-301F-11D3-BF4B-00C04F79EFBC}") = "011_학점계산기", "011_학점계산기\011_학점계산기.csproj", "{838989FE-5CF4-4B32-8F71-2534FDEF5F66}"
EndProject
Project("{FAE04EC0-301F-11D3-BF4B-00C04F79EFBC}") = "012_Form이벤트", "012_Form이벤트\012_Form이벤트.csproj", "{2830C008-9C70-430D-84DE-603D338B8509}"
EndProject
Global
	GlobalSection(SolutionConfigurationPlatforms) = preSolution
		Debug|Any CPU = Debug|Any CPU
		Debug|x64 = Debug|x64
		Debug|x86 = Debug|x86
		Release|Any CPU = Release|Any CPU
		Release|x64 = Release|x64
		Release|x86 = Release|x86
	EndGlobalSection
	GlobalSection(ProjectConfigurationPlatforms) = postSolution
		{F9BBE2EA-FE08-49C2-B9A6-30598D916B1F}.Debug|Any CPU.ActiveCfg = Debug|x64
		{F9BBE2EA-FE08-49C2-B9A6-30598D916B1F}.Debug|Any CPU.Build.0 = Debug|x64
		{F9BBE2EA-FE08-49C2-B9A6-30598D916B1F}.Debug|x64.ActiveCfg = Debug|x64
		{F9BBE2EA-FE08-49C2-B9A6-30598D916B1F}.Debug|x64.Build.0 = Debug|x64
		{F9BBE2EA-FE08-49C2-B9A6-30598D916B1F}.Debug|x86.ActiveCfg = Debug|Win32
		{F9BBE2EA-FE08-49C2-B9A6-30598D916B1F}.Debug|x86.Build.0 = Debug|Win32
		{F9BBE2EA-FE08-49C2-B9A6-30598D916B1F}.Release|Any CPU.ActiveCfg = Release|x64
		{F9BBE2EA-FE08-49C2-B9A6-30598D916B1F}.Release|Any CPU.Build.0 = Release|x64
		{F9BBE2EA-FE08-49C2-B9A6-30598D916B1F}.Release|x64.ActiveCfg = Release|x64
		{F9BBE2EA-FE08-49C2-B9A6-30598D916B1F}.Release|x64.Build.0 = Release|x64
		{F9BBE2EA-FE08-49C2-B9A6-30598D916B1F}.Release|x86.ActiveCfg = Release|Win32
		{F9BBE2EA-FE08-49C2-B9A6-30598D916B1F}.Release|x86.Build.0 = Release|Win32
		{39B267BE-F897-474F-8CC0-BEAD7EEDC9D2}.Debug|Any CPU.ActiveCfg = Debug|x64
		{39B267BE-F897-474F-8CC0-BEAD7EEDC9D2}.Debug|Any CPU.Build.0 = Debug|x64
		{39B267BE-F897-474F-8CC0-BEAD7EEDC9D2}.Debug|x64.ActiveCfg = Debug|x64
		{39B267BE-F897-474F-8CC0-BEAD7EEDC9D2}.Debug|x64.Build.0 = Debug|x64
		{39B267BE-F897-474F-8CC0-BEAD7EEDC9D2}.Debug|x86.ActiveCfg = Debug|Win32
		{39B267BE-F897-474F-8CC0-BEAD7EEDC9D2}.Debug|x86.Build.0 = Debug|Win32
		{39B267BE-F897-474F-8CC0-BEAD7EEDC9D2}.Release|Any CPU.ActiveCfg = Release|x64
		{39B267BE-F897-474F-8CC0-BEAD7EEDC9D2}.Release|Any CPU.Build.0 = Release|x64
		{39B267BE-F897-474F-8CC0-BEAD7EEDC9D2}.Release|x64.ActiveCfg = Release|x64
		{39B267BE-F897-474F-8CC0-BEAD7EEDC9D2}.Release|x64.Build.0 = Release|x64
		{39B267BE-F897-474F-8CC0-BEAD7EEDC9D2}.Release|x86.ActiveCfg = Release|Win32
		{39B267BE-F897-474F-8CC0-BEAD7EEDC9D2}.Release|x86.Build.0 = Release|Win32
		{3F5F5A52-0C90-4637-886A-AB6DC5F97055}.Debug|Any CPU.ActiveCfg = Debug|Any CPU
		{3F5F5A52-0C90-4637-886A-AB6DC5F97055}.Debug|Any CPU.Build.0 = Debug|Any CPU
		{3F5F5A52-0C90-4637-886A-AB6DC5F97055}.Debug|x64.ActiveCfg = Debug|Any CPU
		{3F5F5A52-0C90-4637-886A-AB6DC5F97055}.Debug|x64.Build.0 = Debug|Any CPU
		{3F5F5A52-0C90-4637-886A-AB6DC5F97055}.Debug|x86.ActiveCfg = Debug|Any CPU
		{3F5F5A52-0C90-4637-886A-AB6DC5F97055}.Debug|x86.Build.0 = Debug|Any CPU
		{3F5F5A52-0C90-4637-886A-AB6DC5F97055}.Release|Any CPU.ActiveCfg = Release|Any CPU
		{3F5F5A52-0C90-4637-886A-AB6DC5F97055}.Release|Any CPU.Build.0 = Release|Any CPU
		{3F5F5A52-0C90-4637-886A-AB6DC5F97055}.Release|x64.ActiveCfg = Release|Any CPU
		{3F5F5A52-0C90-4637-886A-AB6DC5F97055}.Release|x64.Build.0 = Release|Any CPU
		{3F5F5A52-0C90-4637-886A-AB6DC5F97055}.Release|x86.ActiveCfg = Release|Any CPU
		{3F5F5A52-0C90-4637-886A-AB6DC5F97055}.Release|x86.Build.0 = Release|Any CPU
		{BBCA6C6E-169C-44EF-8DF4-29B4178C747E}.Debug|Any CPU.ActiveCfg = Debug|Any CPU
		{BBCA6C6E-169C-44EF-8DF4-29B4178C747E}.Debug|Any CPU.Build.0 = Debug|Any CPU
		{BBCA6C6E-169C-44EF-8DF4-29B4178C747E}.Debug|x64.ActiveCfg = Debug|Any CPU
		{BBCA6C6E-169C-44EF-8DF4-29B4178C747E}.Debug|x64.Build.0 = Debug|Any CPU
		{BBCA6C6E-169C-44EF-8DF4-29B4178C747E}.Debug|x86.ActiveCfg = Debug|Any CPU
		{BBCA6C6E-169C-44EF-8DF4-29B4178C747E}.Debug|x86.Build.0 = Debug|Any CPU
		{BBCA6C6E-169C-44EF-8DF4-29B4178C747E}.Release|Any CPU.ActiveCfg = Release|Any CPU
		{BBCA6C6E-169C-44EF-8DF4-29B4178C747E}.Release|Any CPU.Build.0 = Release|Any CPU
		{BBCA6C6E-169C-44EF-8DF4-29B4178C747E}.Release|x64.ActiveCfg = Release|Any CPU
		{BBCA6C6E-169C-44EF-8DF4-29B4178C747E}.Release|x64.Build.0 = Release|Any CPU
		{BBCA6C6E-169C-44EF-8DF4-29B4178C747E}.Release|x86.ActiveCfg = Release|Any CPU
		{BBCA6C6E-169C-44EF-8DF4-29B4178C747E}.Release|x86.Build.0 = Release|Any CPU
		{12DD2FFC-8018-4154-979C-3A02C7AF8E9D}.Debug|Any CPU.ActiveCfg = Debug|Any CPU
		{12DD2FFC-8018-4154-979C-3A02C7AF8E9D}.Debug|Any CPU.Build.0 = Debug|Any CPU
		{12DD2FFC-8018-4154-979C-3A02C7AF8E9D}.Debug|x64.ActiveCfg = Debug|Any CPU
		{12DD2FFC-8018-4154-979C-3A02C7AF8E9D}.Debug|x64.Build.0 = Debug|Any CPU
		{12DD2FFC-8018-4154-979C-3A02C7AF8E9D}.Debug|x86.ActiveCfg = Debug|Any CPU
		{12DD2FFC-8018-4154-979C-3A02C7AF8E9D}.Debug|x86.Build.0 = Debug|Any CPU
		{12DD2FFC-8018-4154-979C-3A02C7AF8E9D}.Release|Any CPU.ActiveCfg = Release|Any CPU
		{12DD2FFC-8018-4154-979C-3A02C7AF8E9D}.Release|Any CPU.Build.0 = Release|Any CPU
		{12DD2FFC-8018-4154-979C-3A02C7AF8E9D}.Release|x64.ActiveCfg = Release|Any CPU
		{12DD2FFC-8018-4154-979C-3A02C7AF8E9D}.Release|x64.Build.0 = Release|Any CPU
		{12DD2FFC-8018-4154-979C-3A02C7AF8E9D}.Release|x86.ActiveCfg = Release|Any CPU
		{12DD2FFC-8018-4154-979C-3A02C7AF8E9D}.Release|x86.Build.0 = Release|Any CPU
		{6C065A86-FEA5-4AFF-B853-0EC035192F94}.Debug|Any CPU.ActiveCfg = Debug|Any CPU
		{6C065A86-FEA5-4AFF-B853-0EC035192F94}.Debug|Any CPU.Build.0 = Debug|Any CPU
		{6C065A86-FEA5-4AFF-B853-0EC035192F94}.Debug|x64.ActiveCfg = Debug|Any CPU
		{6C065A86-FEA5-4AFF-B853-0EC035192F94}.Debug|x64.Build.0 = Debug|Any CPU
		{6C065A86-FEA5-4AFF-B853-0EC035192F94}.Debug|x86.ActiveCfg = Debug|Any CPU
		{6C065A86-FEA5-4AFF-B853-0EC035192F94}.Debug|x86.Build.0 = Debug|Any CPU
		{6C065A86-FEA5-4AFF-B853-0EC035192F94}.Release|Any CPU.ActiveCfg = Release|Any CPU
		{6C065A86-FEA5-4AFF-B853-0EC035192F94}.Release|Any CPU.Build.0 = Release|Any CPU
		{6C065A86-FEA5-4AFF-B853-0EC035192F94}.Release|x64.ActiveCfg = Release|Any CPU
		{6C065A86-FEA5-4AFF-B853-0EC035192F94}.Release|x64.Build.0 = Release|Any CPU
		{6C065A86-FEA5-4AFF-B853-0EC035192F94}.Release|x86.ActiveCfg = Release|Any CPU
		{6C065A86-FEA5-4AFF-B853-0EC035192F94}.Release|x86.Build.0 = Release|Any CPU
		{EE6D4270-E733-4A45-B363-E5412A1807B4}.Debug|Any CPU.ActiveCfg = Debug|Any CPU
		{EE6D4270-E733-4A45-B363-E5412A1807B4}.Debug|Any CPU.Build.0 = Debug|Any CPU
		{EE6D4270-E733-4A45-B363-E5412A1807B4}.Debug|x64.ActiveCfg = Debug|Any CPU
		{EE6D4270-E733-4A45-B363-E5412A1807B4}.Debug|x64.Build.0 = Debug|Any CPU
		{EE6D4270-E733-4A45-B363-E5412A1807B4}.Debug|x86.ActiveCfg = Debug|Any CPU
		{EE6D4270-E733-4A45-B363-E5412A1807B4}.Debug|x86.Build.0 = Debug|Any CPU
		{EE6D4270-E733-4A45-B363-E5412A1807B4}.Release|Any CPU.ActiveCfg = Release|Any CPU
		{EE6D4270-E733-4A45-B363-E5412A1807B4}.Release|Any CPU.Build.0 = Release|Any CPU
		{EE6D4270-E733-4A45-B363-E5412A1807B4}.Release|x64.ActiveCfg = Release|Any CPU
		{EE6D4270-E733-4A45-B363-E5412A1807B4}.Release|x64.Build.0 = Release|Any CPU
		{EE6D4270-E733-4A45-B363-E5412A1807B4}.Release|x86.ActiveCfg = Release|Any CPU
		{EE6D4270-E733-4A45-B363-E5412A1807B4}.Release|x86.Build.0 = Release|Any CPU
		{B264AD07-0E6A-4F3F-BB39-841F2B323BA6}.Debug|Any CPU.ActiveCfg = Debug|Any CPU
		{B264AD07-0E6A-4F3F-BB39-841F2B323BA6}.Debug|Any CPU.Build.0 = Debug|Any CPU
		{B264AD07-0E6A-4F3F-BB39-841F2B323BA6}.Debug|x64.ActiveCfg = Debug|Any CPU
		{B264AD07-0E6A-4F3F-BB39-841F2B323BA6}.Debug|x64.Build.0 = Debug|Any CPU
		{B264AD07-0E6A-4F3F-BB39-841F2B323BA6}.Debug|x86.ActiveCfg = Debug|Any CPU
		{B264AD07-0E6A-4F3F-BB39-841F2B323BA6}.Debug|x86.Build.0 = Debug|Any CPU
		{B264AD07-0E6A-4F3F-BB39-841F2B323BA6}.Release|Any CPU.ActiveCfg = Release|Any CPU
		{B264AD07-0E6A-4F3F-BB39-841F2B323BA6}.Release|Any CPU.Build.0 = Release|Any CPU
		{B264AD07-0E6A-4F3F-BB39-841F2B323BA6}.Release|x64.ActiveCfg = Release|Any CPU
		{B264AD07-0E6A-4F3F-BB39-841F2B323BA6}.Release|x64.Build.0 = Release|Any CPU
		{B264AD07-0E6A-4F3F-BB39-841F2B323BA6}.Release|x86.ActiveCfg = Release|Any CPU
		{B264AD07-0E6A-4F3F-BB39-841F2B323BA6}.Release|x86.Build.0 = Release|Any CPU
		{A25E81F9-E4D4-4768-A339-854B4529F982}.Debug|Any CPU.ActiveCfg = Debug|Any CPU
		{A25E81F9-E4D4-4768-A339-854B4529F982}.Debug|Any CPU.Build.0 = Debug|Any CPU
		{A25E81F9-E4D4-4768-A339-854B4529F982}.Debug|x64.ActiveCfg = Debug|Any CPU
		{A25E81F9-E4D4-4768-A339-854B4529F982}.Debug|x64.Build.0 = Debug|Any CPU
		{A25E81F9-E4D4-4768-A339-854B4529F982}.Debug|x86.ActiveCfg = Debug|Any CPU
		{A25E81F9-E4D4-4768-A339-854B4529F982}.Debug|x86.Build.0 = Debug|Any CPU
		{A25E81F9-E4D4-4768-A339-854B4529F982}.Release|Any CPU.ActiveCfg = Release|Any CPU
		{A25E81F9-E4D4-4768-A339-854B4529F982}.Release|Any CPU.Build.0 = Release|Any CPU
		{A25E81F9-E4D4-4768-A339-854B4529F982}.Release|x64.ActiveCfg = Release|Any CPU
		{A25E81F9-E4D4-4768-A339-854B4529F982}.Release|x64.Build.0 = Release|Any CPU
		{A25E81F9-E4D4-4768-A339-854B4529F982}.Release|x86.ActiveCfg = Release|Any CPU
		{A25E81F9-E4D4-4768-A339-854B4529F982}.Release|x86.Build.0 = Release|Any CPU
		{0FBD5ABF-A111-4412-88AC-82929F0B8321}.Debug|Any CPU.ActiveCfg = Debug|Any CPU
		{0FBD5ABF-A111-4412-88AC-82929F0B8321}.Debug|Any CPU.Build.0 = Debug|Any CPU
		{0FBD5ABF-A111-4412-88AC-82929F0B8321}.Debug|x64.ActiveCfg = Debug|Any CPU
		{0FBD5ABF-A111-4412-88AC-82929F0B8321}.Debug|x64.Build.0 = Debug|Any CPU
		{0FBD5ABF-A111-4412-88AC-82929F0B8321}.Debug|x86.ActiveCfg = Debug|Any CPU
		{0FBD5ABF-A111-4412-88AC-82929F0B8321}.Debug|x86.Build.0 = Debug|Any CPU
		{0FBD5ABF-A111-4412-88AC-82929F0B8321}.Release|Any CPU.ActiveCfg = Release|Any CPU
		{0FBD5ABF-A111-4412-88AC-82929F0B8321}.Release|Any CPU.Build.0 = Release|Any CPU
		{0FBD5ABF-A111-4412-88AC-82929F0B8321}.Release|x64.ActiveCfg = Release|Any CPU
		{0FBD5ABF-A111-4412-88AC-82929F0B8321}.Release|x64.Build.0 = Release|Any CPU
		{0FBD5ABF-A111-4412-88AC-82929F0B8321}.Release|x86.ActiveCfg = Release|Any CPU
		{0FBD5ABF-A111-4412-88AC-82929F0B8321}.Release|x86.Build.0 = Release|Any CPU
		{838989FE-5CF4-4B32-8F71-2534FDEF5F66}.Debug|Any CPU.ActiveCfg = Debug|Any CPU
		{838989FE-5CF4-4B32-8F71-2534FDEF5F66}.Debug|Any CPU.Build.0 = Debug|Any CPU
		{838989FE-5CF4-4B32-8F71-2534FDEF5F66}.Debug|x64.ActiveCfg = Debug|Any CPU
		{838989FE-5CF4-4B32-8F71-2534FDEF5F66}.Debug|x64.Build.0 = Debug|Any CPU
		{838989FE-5CF4-4B32-8F71-2534FDEF5F66}.Debug|x86.ActiveCfg = Debug|Any CPU
		{838989FE-5CF4-4B32-8F71-2534FDEF5F66}.Debug|x86.Build.0 = Debug|Any CPU
		{838989FE-5CF4-4B32-8F71-2534FDEF5F66}.Release|Any CPU.ActiveCfg = Release|Any CPU
		{838989FE-5CF4-4B32-8F71-2534FDEF5F66}.Release|Any CPU.Build.0 = Release|Any CPU
		{838989FE-5CF4-4B32-8F71-2534FDEF5F66}.Release|x64.ActiveCfg = Release|Any CPU
		{838989FE-5CF4-4B32-8F71-2534FDEF5F66}.Release|x64.Build.0 = Release|Any CPU
		{838989FE-5CF4-4B32-8F71-2534FDEF5F66}.Release|x86.ActiveCfg = Release|Any CPU
		{838989FE-5CF4-4B32-8F71-2534FDEF5F66}.Release|x86.Build.0 = Release|Any CPU
		{2830C008-9C70-430D-84DE-603D338B8509}.Debug|Any CPU.ActiveCfg = Debug|Any CPU
		{2830C008-9C70-430D-84DE-603D338B8509}.Debug|Any CPU.Build.0 = Debug|Any CPU
		{2830C008-9C70-430D-84DE-603D338B8509}.Debug|x64.ActiveCfg = Debug|Any CPU
		{2830C008-9C70-430D-84DE-603D338B8509}.Debug|x64.Build.0 = Debug|Any CPU
		{2830C008-9C70-430D-84DE-603D338B8509}.Debug|x86.ActiveCfg = Debug|Any CPU
		{2830C008-9C70-430D-84DE-603D338B8509}.Debug|x86.Build.0 = Debug|Any CPU
		{2830C008-9C70-430D-84DE-603D338B8509}.Release|Any CPU.ActiveCfg = Release|Any CPU
		{2830C008-9C70-430D-84DE-603D338B8509}.Release|Any CPU.Build.0 = Release|Any CPU
		{2830C008-9C70-430D-84DE-603D338B8509}.Release|x64.ActiveCfg = Release|Any CPU
		{2830C008-9C70-430D-84DE-603D338B8509}.Release|x64.Build.0 = Release|Any CPU
		{2830C008-9C70-430D-84DE-603D338B8509}.Release|x86.ActiveCfg = Release|Any CPU
		{2830C008-9C70-430D-84DE-603D338B8509}.Release|x86.Build.0 = Release|Any CPU
	EndGlobalSection
	GlobalSection(SolutionProperties) = preSolution
		HideSolutionNode = FALSE
	EndGlobalSection
	GlobalSection(ExtensibilityGlobals) = postSolution
		SolutionGuid = {4A7C160B-7645-4152-8C97-7AABC5157703}
	EndGlobalSection
EndGlobal
